// !$*UTF8*$!
{
	archiveVersion = 1;
	classes = {
	};
	objectVersion = 46;
	objects = {

/* Begin PBXBuildFile section */
		11569AB9B3108ECF7500190B /* Pods_TableViewDemo.framework in Frameworks */ = {isa = PBXBuildFile; fileRef = 48A8B6F21138138C1CEDF147 /* Pods_TableViewDemo.framework */; };
		318645D9741F8F3F58F4D48B /* Pods_LoginAndRegisterDemo.framework in Frameworks */ = {isa = PBXBuildFile; fileRef = A163A81DB75A7D83D2EF23EE /* Pods_LoginAndRegisterDemo.framework */; };
		A53BF6497B684EB3E4388F1E /* Pods_RxSwiftExercise.framework in Frameworks */ = {isa = PBXBuildFile; fileRef = 7CF41536D26475472FDDECDD /* Pods_RxSwiftExercise.framework */; };
		AE1EA7B51E15FEB600332B61 /* AppDelegate.swift in Sources */ = {isa = PBXBuildFile; fileRef = AE1EA7B41E15FEB600332B61 /* AppDelegate.swift */; };
		AE1EA7BA1E15FEB600332B61 /* Main.storyboard in Resources */ = {isa = PBXBuildFile; fileRef = AE1EA7B81E15FEB600332B61 /* Main.storyboard */; };
		AE1EA7BC1E15FEB600332B61 /* Assets.xcassets in Resources */ = {isa = PBXBuildFile; fileRef = AE1EA7BB1E15FEB600332B61 /* Assets.xcassets */; };
		AE1EA7BF1E15FEB600332B61 /* LaunchScreen.storyboard in Resources */ = {isa = PBXBuildFile; fileRef = AE1EA7BD1E15FEB600332B61 /* LaunchScreen.storyboard */; };
		AE1EA7C71E1632AF00332B61 /* LoginViewController.swift in Sources */ = {isa = PBXBuildFile; fileRef = AE1EA7C61E1632AF00332B61 /* LoginViewController.swift */; };
		AE1EA7C91E1633AA00332B61 /* RegisterViewController.swift in Sources */ = {isa = PBXBuildFile; fileRef = AE1EA7C81E1633AA00332B61 /* RegisterViewController.swift */; };
		AE1EA7CB1E163D9800332B61 /* Service.swift in Sources */ = {isa = PBXBuildFile; fileRef = AE1EA7CA1E163D9800332B61 /* Service.swift */; };
		AE1EA7CD1E163DB700332B61 /* Protocol.swift in Sources */ = {isa = PBXBuildFile; fileRef = AE1EA7CC1E163DB700332B61 /* Protocol.swift */; };
		AE1EA7CF1E16423E00332B61 /* RegisterViewModel.swift in Sources */ = {isa = PBXBuildFile; fileRef = AE1EA7CE1E16423E00332B61 /* RegisterViewModel.swift */; };
		AE1EA7D11E16651800332B61 /* LoginViewModel.swift in Sources */ = {isa = PBXBuildFile; fileRef = AE1EA7D01E16651800332B61 /* LoginViewModel.swift */; };
		AE44B9E51E1386DA005242CD /* AppDelegate.swift in Sources */ = {isa = PBXBuildFile; fileRef = AE44B9E41E1386DA005242CD /* AppDelegate.swift */; };
		AE44B9E71E1386DA005242CD /* ViewController.swift in Sources */ = {isa = PBXBuildFile; fileRef = AE44B9E61E1386DA005242CD /* ViewController.swift */; };
		AE44B9EA1E1386DA005242CD /* Main.storyboard in Resources */ = {isa = PBXBuildFile; fileRef = AE44B9E81E1386DA005242CD /* Main.storyboard */; };
		AE44B9EC1E1386DA005242CD /* Assets.xcassets in Resources */ = {isa = PBXBuildFile; fileRef = AE44B9EB1E1386DA005242CD /* Assets.xcassets */; };
		AE44B9EF1E1386DA005242CD /* LaunchScreen.storyboard in Resources */ = {isa = PBXBuildFile; fileRef = AE44B9ED1E1386DA005242CD /* LaunchScreen.storyboard */; };
		AE44B9FD1E138A93005242CD /* AppDelegate.swift in Sources */ = {isa = PBXBuildFile; fileRef = AE44B9FC1E138A93005242CD /* AppDelegate.swift */; };
		AE44BA021E138A93005242CD /* Main.storyboard in Resources */ = {isa = PBXBuildFile; fileRef = AE44BA001E138A93005242CD /* Main.storyboard */; };
		AE44BA041E138A93005242CD /* Assets.xcassets in Resources */ = {isa = PBXBuildFile; fileRef = AE44BA031E138A93005242CD /* Assets.xcassets */; };
		AE44BA071E138A93005242CD /* LaunchScreen.storyboard in Resources */ = {isa = PBXBuildFile; fileRef = AE44BA051E138A93005242CD /* LaunchScreen.storyboard */; };
		AE4AF5BC1E138B5700272917 /* HerosViewController.swift in Sources */ = {isa = PBXBuildFile; fileRef = AE4AF5BB1E138B5700272917 /* HerosViewController.swift */; };
		AE4AF5BE1E138BC000272917 /* heros.plist in Resources */ = {isa = PBXBuildFile; fileRef = AE4AF5BD1E138BC000272917 /* heros.plist */; };
		AE4AF5C01E138BD200272917 /* Hero.swift in Sources */ = {isa = PBXBuildFile; fileRef = AE4AF5BF1E138BD200272917 /* Hero.swift */; };
		AE4AF5C21E138C5F00272917 /* HeroViewModel.swift in Sources */ = {isa = PBXBuildFile; fileRef = AE4AF5C11E138C5F00272917 /* HeroViewModel.swift */; };
/* End PBXBuildFile section */

/* Begin PBXFileReference section */
		46E50E0BA4C79BCD3AB942FE /* Pods-TableViewDemo.debug.xcconfig */ = {isa = PBXFileReference; includeInIndex = 1; lastKnownFileType = text.xcconfig; name = "Pods-TableViewDemo.debug.xcconfig"; path = "Pods/Target Support Files/Pods-TableViewDemo/Pods-TableViewDemo.debug.xcconfig"; sourceTree = "<group>"; };
		48A8B6F21138138C1CEDF147 /* Pods_TableViewDemo.framework */ = {isa = PBXFileReference; explicitFileType = wrapper.framework; includeInIndex = 0; path = Pods_TableViewDemo.framework; sourceTree = BUILT_PRODUCTS_DIR; };
		64E5284B75FF87448D3103B4 /* Pods-LoginAndRegisterDemo.debug.xcconfig */ = {isa = PBXFileReference; includeInIndex = 1; lastKnownFileType = text.xcconfig; name = "Pods-LoginAndRegisterDemo.debug.xcconfig"; path = "Pods/Target Support Files/Pods-LoginAndRegisterDemo/Pods-LoginAndRegisterDemo.debug.xcconfig"; sourceTree = "<group>"; };
		6F5E8E3705ACE932A371011C /* Pods-TableViewDemo.release.xcconfig */ = {isa = PBXFileReference; includeInIndex = 1; lastKnownFileType = text.xcconfig; name = "Pods-TableViewDemo.release.xcconfig"; path = "Pods/Target Support Files/Pods-TableViewDemo/Pods-TableViewDemo.release.xcconfig"; sourceTree = "<group>"; };
		7CF41536D26475472FDDECDD /* Pods_RxSwiftExercise.framework */ = {isa = PBXFileReference; explicitFileType = wrapper.framework; includeInIndex = 0; path = Pods_RxSwiftExercise.framework; sourceTree = BUILT_PRODUCTS_DIR; };
		98AFA5359A4BDA4DECFF93C6 /* Pods-RxSwiftExercise.release.xcconfig */ = {isa = PBXFileReference; includeInIndex = 1; lastKnownFileType = text.xcconfig; name = "Pods-RxSwiftExercise.release.xcconfig"; path = "Pods/Target Support Files/Pods-RxSwiftExercise/Pods-RxSwiftExercise.release.xcconfig"; sourceTree = "<group>"; };
		A163A81DB75A7D83D2EF23EE /* Pods_LoginAndRegisterDemo.framework */ = {isa = PBXFileReference; explicitFileType = wrapper.framework; includeInIndex = 0; path = Pods_LoginAndRegisterDemo.framework; sourceTree = BUILT_PRODUCTS_DIR; };
		AE1EA7B21E15FEB600332B61 /* LoginAndRegisterDemo.app */ = {isa = PBXFileReference; explicitFileType = wrapper.application; includeInIndex = 0; path = LoginAndRegisterDemo.app; sourceTree = BUILT_PRODUCTS_DIR; };
		AE1EA7B41E15FEB600332B61 /* AppDelegate.swift */ = {isa = PBXFileReference; lastKnownFileType = sourcecode.swift; path = AppDelegate.swift; sourceTree = "<group>"; };
		AE1EA7B91E15FEB600332B61 /* Base */ = {isa = PBXFileReference; lastKnownFileType = file.storyboard; name = Base; path = Base.lproj/Main.storyboard; sourceTree = "<group>"; };
		AE1EA7BB1E15FEB600332B61 /* Assets.xcassets */ = {isa = PBXFileReference; lastKnownFileType = folder.assetcatalog; path = Assets.xcassets; sourceTree = "<group>"; };
		AE1EA7BE1E15FEB600332B61 /* Base */ = {isa = PBXFileReference; lastKnownFileType = file.storyboard; name = Base; path = Base.lproj/LaunchScreen.storyboard; sourceTree = "<group>"; };
		AE1EA7C01E15FEB600332B61 /* Info.plist */ = {isa = PBXFileReference; lastKnownFileType = text.plist.xml; path = Info.plist; sourceTree = "<group>"; };
		AE1EA7C61E1632AF00332B61 /* LoginViewController.swift */ = {isa = PBXFileReference; fileEncoding = 4; lastKnownFileType = sourcecode.swift; path = LoginViewController.swift; sourceTree = "<group>"; };
		AE1EA7C81E1633AA00332B61 /* RegisterViewController.swift */ = {isa = PBXFileReference; fileEncoding = 4; lastKnownFileType = sourcecode.swift; path = RegisterViewController.swift; sourceTree = "<group>"; };
		AE1EA7CA1E163D9800332B61 /* Service.swift */ = {isa = PBXFileReference; fileEncoding = 4; lastKnownFileType = sourcecode.swift; path = Service.swift; sourceTree = "<group>"; };
		AE1EA7CC1E163DB700332B61 /* Protocol.swift */ = {isa = PBXFileReference; fileEncoding = 4; lastKnownFileType = sourcecode.swift; path = Protocol.swift; sourceTree = "<group>"; };
		AE1EA7CE1E16423E00332B61 /* RegisterViewModel.swift */ = {isa = PBXFileReference; fileEncoding = 4; lastKnownFileType = sourcecode.swift; path = RegisterViewModel.swift; sourceTree = "<group>"; };
		AE1EA7D01E16651800332B61 /* LoginViewModel.swift */ = {isa = PBXFileReference; fileEncoding = 4; lastKnownFileType = sourcecode.swift; path = LoginViewModel.swift; sourceTree = "<group>"; };
		AE44B9E11E1386DA005242CD /* RxSwiftExercise.app */ = {isa = PBXFileReference; explicitFileType = wrapper.application; includeInIndex = 0; path = RxSwiftExercise.app; sourceTree = BUILT_PRODUCTS_DIR; };
		AE44B9E41E1386DA005242CD /* AppDelegate.swift */ = {isa = PBXFileReference; lastKnownFileType = sourcecode.swift; path = AppDelegate.swift; sourceTree = "<group>"; };
		AE44B9E61E1386DA005242CD /* ViewController.swift */ = {isa = PBXFileReference; lastKnownFileType = sourcecode.swift; path = ViewController.swift; sourceTree = "<group>"; };
		AE44B9E91E1386DA005242CD /* Base */ = {isa = PBXFileReference; lastKnownFileType = file.storyboard; name = Base; path = Base.lproj/Main.storyboard; sourceTree = "<group>"; };
		AE44B9EB1E1386DA005242CD /* Assets.xcassets */ = {isa = PBXFileReference; lastKnownFileType = folder.assetcatalog; path = Assets.xcassets; sourceTree = "<group>"; };
		AE44B9EE1E1386DA005242CD /* Base */ = {isa = PBXFileReference; lastKnownFileType = file.storyboard; name = Base; path = Base.lproj/LaunchScreen.storyboard; sourceTree = "<group>"; };
		AE44B9F01E1386DA005242CD /* Info.plist */ = {isa = PBXFileReference; lastKnownFileType = text.plist.xml; path = Info.plist; sourceTree = "<group>"; };
		AE44B9FA1E138A92005242CD /* TableViewDemo.app */ = {isa = PBXFileReference; explicitFileType = wrapper.application; includeInIndex = 0; path = TableViewDemo.app; sourceTree = BUILT_PRODUCTS_DIR; };
		AE44B9FC1E138A93005242CD /* AppDelegate.swift */ = {isa = PBXFileReference; lastKnownFileType = sourcecode.swift; path = AppDelegate.swift; sourceTree = "<group>"; };
		AE44BA011E138A93005242CD /* Base */ = {isa = PBXFileReference; lastKnownFileType = file.storyboard; name = Base; path = Base.lproj/Main.storyboard; sourceTree = "<group>"; };
		AE44BA031E138A93005242CD /* Assets.xcassets */ = {isa = PBXFileReference; lastKnownFileType = folder.assetcatalog; path = Assets.xcassets; sourceTree = "<group>"; };
		AE44BA061E138A93005242CD /* Base */ = {isa = PBXFileReference; lastKnownFileType = file.storyboard; name = Base; path = Base.lproj/LaunchScreen.storyboard; sourceTree = "<group>"; };
		AE44BA081E138A93005242CD /* Info.plist */ = {isa = PBXFileReference; lastKnownFileType = text.plist.xml; path = Info.plist; sourceTree = "<group>"; };
		AE4AF5BB1E138B5700272917 /* HerosViewController.swift */ = {isa = PBXFileReference; fileEncoding = 4; lastKnownFileType = sourcecode.swift; path = HerosViewController.swift; sourceTree = "<group>"; };
		AE4AF5BD1E138BC000272917 /* heros.plist */ = {isa = PBXFileReference; fileEncoding = 4; lastKnownFileType = text.plist.xml; path = heros.plist; sourceTree = "<group>"; };
		AE4AF5BF1E138BD200272917 /* Hero.swift */ = {isa = PBXFileReference; fileEncoding = 4; lastKnownFileType = sourcecode.swift; path = Hero.swift; sourceTree = "<group>"; };
		AE4AF5C11E138C5F00272917 /* HeroViewModel.swift */ = {isa = PBXFileReference; fileEncoding = 4; lastKnownFileType = sourcecode.swift; path = HeroViewModel.swift; sourceTree = "<group>"; };
		C4FE1DE205E1808F2F65E801 /* Pods-RxSwiftExercise.debug.xcconfig */ = {isa = PBXFileReference; includeInIndex = 1; lastKnownFileType = text.xcconfig; name = "Pods-RxSwiftExercise.debug.xcconfig"; path = "Pods/Target Support Files/Pods-RxSwiftExercise/Pods-RxSwiftExercise.debug.xcconfig"; sourceTree = "<group>"; };
		EDB13FA5E63465D2070498A0 /* Pods-LoginAndRegisterDemo.release.xcconfig */ = {isa = PBXFileReference; includeInIndex = 1; lastKnownFileType = text.xcconfig; name = "Pods-LoginAndRegisterDemo.release.xcconfig"; path = "Pods/Target Support Files/Pods-LoginAndRegisterDemo/Pods-LoginAndRegisterDemo.release.xcconfig"; sourceTree = "<group>"; };
/* End PBXFileReference section */

/* Begin PBXFrameworksBuildPhase section */
		AE1EA7AF1E15FEB600332B61 /* Frameworks */ = {
			isa = PBXFrameworksBuildPhase;
			buildActionMask = 2147483647;
			files = (
				318645D9741F8F3F58F4D48B /* Pods_LoginAndRegisterDemo.framework in Frameworks */,
			);
			runOnlyForDeploymentPostprocessing = 0;
		};
		AE44B9DE1E1386DA005242CD /* Frameworks */ = {
			isa = PBXFrameworksBuildPhase;
			buildActionMask = 2147483647;
			files = (
				A53BF6497B684EB3E4388F1E /* Pods_RxSwiftExercise.framework in Frameworks */,
			);
			runOnlyForDeploymentPostprocessing = 0;
		};
		AE44B9F71E138A92005242CD /* Frameworks */ = {
			isa = PBXFrameworksBuildPhase;
			buildActionMask = 2147483647;
			files = (
				11569AB9B3108ECF7500190B /* Pods_TableViewDemo.framework in Frameworks */,
			);
			runOnlyForDeploymentPostprocessing = 0;
		};
/* End PBXFrameworksBuildPhase section */

/* Begin PBXGroup section */
		7E380D14BD2377E631C8B52D /* Frameworks */ = {
			isa = PBXGroup;
			children = (
				7CF41536D26475472FDDECDD /* Pods_RxSwiftExercise.framework */,
				48A8B6F21138138C1CEDF147 /* Pods_TableViewDemo.framework */,
				A163A81DB75A7D83D2EF23EE /* Pods_LoginAndRegisterDemo.framework */,
			);
			name = Frameworks;
			sourceTree = "<group>";
		};
		AE1EA7B31E15FEB600332B61 /* LoginAndRegisterDemo */ = {
			isa = PBXGroup;
			children = (
				AE1EA7C41E16316D00332B61 /* Login */,
				AE1EA7C51E16316D00332B61 /* Register */,
				AE1EA7B41E15FEB600332B61 /* AppDelegate.swift */,
				AE1EA7CC1E163DB700332B61 /* Protocol.swift */,
				AE1EA7CA1E163D9800332B61 /* Service.swift */,
				AE1EA7B81E15FEB600332B61 /* Main.storyboard */,
				AE1EA7BB1E15FEB600332B61 /* Assets.xcassets */,
				AE1EA7BD1E15FEB600332B61 /* LaunchScreen.storyboard */,
				AE1EA7C01E15FEB600332B61 /* Info.plist */,
			);
			path = LoginAndRegisterDemo;
			sourceTree = "<group>";
		};
		AE1EA7C41E16316D00332B61 /* Login */ = {
			isa = PBXGroup;
			children = (
				AE1EA7C61E1632AF00332B61 /* LoginViewController.swift */,
				AE1EA7D01E16651800332B61 /* LoginViewModel.swift */,
			);
			path = Login;
			sourceTree = "<group>";
		};
		AE1EA7C51E16316D00332B61 /* Register */ = {
			isa = PBXGroup;
			children = (
				AE1EA7C81E1633AA00332B61 /* RegisterViewController.swift */,
				AE1EA7CE1E16423E00332B61 /* RegisterViewModel.swift */,
			);
			path = Register;
			sourceTree = "<group>";
		};
		AE44B9D81E1386DA005242CD = {
			isa = PBXGroup;
			children = (
				AE44B9E31E1386DA005242CD /* RxSwiftExercise */,
				AE44B9FB1E138A93005242CD /* TableViewDemo */,
				AE1EA7B31E15FEB600332B61 /* LoginAndRegisterDemo */,
				AE44B9E21E1386DA005242CD /* Products */,
				F9F8BD3241CD83834D09B682 /* Pods */,
				7E380D14BD2377E631C8B52D /* Frameworks */,
			);
			sourceTree = "<group>";
		};
		AE44B9E21E1386DA005242CD /* Products */ = {
			isa = PBXGroup;
			children = (
				AE44B9E11E1386DA005242CD /* RxSwiftExercise.app */,
				AE44B9FA1E138A92005242CD /* TableViewDemo.app */,
				AE1EA7B21E15FEB600332B61 /* LoginAndRegisterDemo.app */,
			);
			name = Products;
			sourceTree = "<group>";
		};
		AE44B9E31E1386DA005242CD /* RxSwiftExercise */ = {
			isa = PBXGroup;
			children = (
				AE44B9E41E1386DA005242CD /* AppDelegate.swift */,
				AE44B9E61E1386DA005242CD /* ViewController.swift */,
				AE44B9E81E1386DA005242CD /* Main.storyboard */,
				AE44B9EB1E1386DA005242CD /* Assets.xcassets */,
				AE44B9ED1E1386DA005242CD /* LaunchScreen.storyboard */,
				AE44B9F01E1386DA005242CD /* Info.plist */,
			);
			path = RxSwiftExercise;
			sourceTree = "<group>";
		};
		AE44B9FB1E138A93005242CD /* TableViewDemo */ = {
			isa = PBXGroup;
			children = (
				AE44B9FC1E138A93005242CD /* AppDelegate.swift */,
				AE4AF5BB1E138B5700272917 /* HerosViewController.swift */,
				AE4AF5BF1E138BD200272917 /* Hero.swift */,
				AE4AF5C11E138C5F00272917 /* HeroViewModel.swift */,
				AE44BA001E138A93005242CD /* Main.storyboard */,
				AE44BA031E138A93005242CD /* Assets.xcassets */,
				AE44BA051E138A93005242CD /* LaunchScreen.storyboard */,
				AE4AF5BD1E138BC000272917 /* heros.plist */,
				AE44BA081E138A93005242CD /* Info.plist */,
			);
			path = TableViewDemo;
			sourceTree = "<group>";
		};
		F9F8BD3241CD83834D09B682 /* Pods */ = {
			isa = PBXGroup;
			children = (
				C4FE1DE205E1808F2F65E801 /* Pods-RxSwiftExercise.debug.xcconfig */,
				98AFA5359A4BDA4DECFF93C6 /* Pods-RxSwiftExercise.release.xcconfig */,
				46E50E0BA4C79BCD3AB942FE /* Pods-TableViewDemo.debug.xcconfig */,
				6F5E8E3705ACE932A371011C /* Pods-TableViewDemo.release.xcconfig */,
				64E5284B75FF87448D3103B4 /* Pods-LoginAndRegisterDemo.debug.xcconfig */,
				EDB13FA5E63465D2070498A0 /* Pods-LoginAndRegisterDemo.release.xcconfig */,
			);
			name = Pods;
			sourceTree = "<group>";
		};
/* End PBXGroup section */

/* Begin PBXNativeTarget section */
		AE1EA7B11E15FEB600332B61 /* LoginAndRegisterDemo */ = {
			isa = PBXNativeTarget;
			buildConfigurationList = AE1EA7C31E15FEB700332B61 /* Build configuration list for PBXNativeTarget "LoginAndRegisterDemo" */;
			buildPhases = (
				DF3021D91F2B91D9F1566794 /* [CP] Check Pods Manifest.lock */,
				AE1EA7AE1E15FEB600332B61 /* Sources */,
				AE1EA7AF1E15FEB600332B61 /* Frameworks */,
				AE1EA7B01E15FEB600332B61 /* Resources */,
				73A7FC12EA9CFA62DF77DDCF /* [CP] Embed Pods Frameworks */,
				FC649FA5CEF40BD442EE130C /* [CP] Copy Pods Resources */,
			);
			buildRules = (
			);
			dependencies = (
			);
			name = LoginAndRegisterDemo;
			productName = LoginAndRegisterDemo;
			productReference = AE1EA7B21E15FEB600332B61 /* LoginAndRegisterDemo.app */;
			productType = "com.apple.product-type.application";
		};
		AE44B9E01E1386DA005242CD /* RxSwiftExercise */ = {
			isa = PBXNativeTarget;
			buildConfigurationList = AE44B9F31E1386DA005242CD /* Build configuration list for PBXNativeTarget "RxSwiftExercise" */;
			buildPhases = (
				DA8A0A3E2FC24A3259444958 /* [CP] Check Pods Manifest.lock */,
				AE44B9DD1E1386DA005242CD /* Sources */,
				AE44B9DE1E1386DA005242CD /* Frameworks */,
				AE44B9DF1E1386DA005242CD /* Resources */,
				80DEF87153E9DEC9EB3C9060 /* [CP] Embed Pods Frameworks */,
				AD8C1D34E0B31015D627DFE0 /* [CP] Copy Pods Resources */,
			);
			buildRules = (
			);
			dependencies = (
			);
			name = RxSwiftExercise;
			productName = RxSwiftExercise;
			productReference = AE44B9E11E1386DA005242CD /* RxSwiftExercise.app */;
			productType = "com.apple.product-type.application";
		};
		AE44B9F91E138A92005242CD /* TableViewDemo */ = {
			isa = PBXNativeTarget;
			buildConfigurationList = AE44BA0B1E138A93005242CD /* Build configuration list for PBXNativeTarget "TableViewDemo" */;
			buildPhases = (
				D0F58EBE649841329BCC63F5 /* [CP] Check Pods Manifest.lock */,
				AE44B9F61E138A92005242CD /* Sources */,
				AE44B9F71E138A92005242CD /* Frameworks */,
				AE44B9F81E138A92005242CD /* Resources */,
				7803C48B9BFCA7D7B5DA094C /* [CP] Embed Pods Frameworks */,
				2CF6961C0B2022E400FEDA3A /* [CP] Copy Pods Resources */,
			);
			buildRules = (
			);
			dependencies = (
			);
			name = TableViewDemo;
			productName = TableViewDemo;
			productReference = AE44B9FA1E138A92005242CD /* TableViewDemo.app */;
			productType = "com.apple.product-type.application";
		};
/* End PBXNativeTarget section */

/* Begin PBXProject section */
		AE44B9D91E1386DA005242CD /* Project object */ = {
			isa = PBXProject;
			attributes = {
				LastSwiftUpdateCheck = 0810;
				LastUpgradeCheck = 0810;
				ORGANIZATIONNAME = sajiner;
				TargetAttributes = {
					AE1EA7B11E15FEB600332B61 = {
						CreatedOnToolsVersion = 8.1;
						ProvisioningStyle = Automatic;
					};
					AE44B9E01E1386DA005242CD = {
						CreatedOnToolsVersion = 8.1;
						ProvisioningStyle = Automatic;
					};
					AE44B9F91E138A92005242CD = {
						CreatedOnToolsVersion = 8.1;
						DevelopmentTeam = G46CPH7762;
						ProvisioningStyle = Automatic;
					};
				};
			};
			buildConfigurationList = AE44B9DC1E1386DA005242CD /* Build configuration list for PBXProject "RxSwiftExercise" */;
			compatibilityVersion = "Xcode 3.2";
			developmentRegion = English;
			hasScannedForEncodings = 0;
			knownRegions = (
				en,
				Base,
			);
			mainGroup = AE44B9D81E1386DA005242CD;
			productRefGroup = AE44B9E21E1386DA005242CD /* Products */;
			projectDirPath = "";
			projectRoot = "";
			targets = (
				AE44B9E01E1386DA005242CD /* RxSwiftExercise */,
				AE44B9F91E138A92005242CD /* TableViewDemo */,
				AE1EA7B11E15FEB600332B61 /* LoginAndRegisterDemo */,
			);
		};
/* End PBXProject section */

/* Begin PBXResourcesBuildPhase section */
		AE1EA7B01E15FEB600332B61 /* Resources */ = {
			isa = PBXResourcesBuildPhase;
			buildActionMask = 2147483647;
			files = (
				AE1EA7BF1E15FEB600332B61 /* LaunchScreen.storyboard in Resources */,
				AE1EA7BC1E15FEB600332B61 /* Assets.xcassets in Resources */,
				AE1EA7BA1E15FEB600332B61 /* Main.storyboard in Resources */,
			);
			runOnlyForDeploymentPostprocessing = 0;
		};
		AE44B9DF1E1386DA005242CD /* Resources */ = {
			isa = PBXResourcesBuildPhase;
			buildActionMask = 2147483647;
			files = (
				AE44B9EF1E1386DA005242CD /* LaunchScreen.storyboard in Resources */,
				AE44B9EC1E1386DA005242CD /* Assets.xcassets in Resources */,
				AE44B9EA1E1386DA005242CD /* Main.storyboard in Resources */,
			);
			runOnlyForDeploymentPostprocessing = 0;
		};
		AE44B9F81E138A92005242CD /* Resources */ = {
			isa = PBXResourcesBuildPhase;
			buildActionMask = 2147483647;
			files = (
				AE44BA071E138A93005242CD /* LaunchScreen.storyboard in Resources */,
				AE44BA041E138A93005242CD /* Assets.xcassets in Resources */,
				AE4AF5BE1E138BC000272917 /* heros.plist in Resources */,
				AE44BA021E138A93005242CD /* Main.storyboard in Resources */,
			);
			runOnlyForDeploymentPostprocessing = 0;
		};
/* End PBXResourcesBuildPhase section */

/* Begin PBXShellScriptBuildPhase section */
		2CF6961C0B2022E400FEDA3A /* [CP] Copy Pods Resources */ = {
			isa = PBXShellScriptBuildPhase;
			buildActionMask = 2147483647;
			files = (
			);
			inputPaths = (
			);
			name = "[CP] Copy Pods Resources";
			outputPaths = (
			);
			runOnlyForDeploymentPostprocessing = 0;
			shellPath = /bin/sh;
			shellScript = "\"${SRCROOT}/Pods/Target Support Files/Pods-TableViewDemo/Pods-TableViewDemo-resources.sh\"\n";
			showEnvVarsInLog = 0;
		};
		73A7FC12EA9CFA62DF77DDCF /* [CP] Embed Pods Frameworks */ = {
			isa = PBXShellScriptBuildPhase;
			buildActionMask = 2147483647;
			files = (
			);
			inputPaths = (
			);
			name = "[CP] Embed Pods Frameworks";
			outputPaths = (
			);
			runOnlyForDeploymentPostprocessing = 0;
			shellPath = /bin/sh;
			shellScript = "\"${SRCROOT}/Pods/Target Support Files/Pods-LoginAndRegisterDemo/Pods-LoginAndRegisterDemo-frameworks.sh\"\n";
			showEnvVarsInLog = 0;
		};
		7803C48B9BFCA7D7B5DA094C /* [CP] Embed Pods Frameworks */ = {
			isa = PBXShellScriptBuildPhase;
			buildActionMask = 2147483647;
			files = (
			);
			inputPaths = (
			);
			name = "[CP] Embed Pods Frameworks";
			outputPaths = (
			);
			runOnlyForDeploymentPostprocessing = 0;
			shellPath = /bin/sh;
			shellScript = "\"${SRCROOT}/Pods/Target Support Files/Pods-TableViewDemo/Pods-TableViewDemo-frameworks.sh\"\n";
			showEnvVarsInLog = 0;
		};
		80DEF87153E9DEC9EB3C9060 /* [CP] Embed Pods Frameworks */ = {
			isa = PBXShellScriptBuildPhase;
			buildActionMask = 2147483647;
			files = (
			);
			inputPaths = (
			);
			name = "[CP] Embed Pods Frameworks";
			outputPaths = (
			);
			runOnlyForDeploymentPostprocessing = 0;
			shellPath = /bin/sh;
			shellScript = "\"${SRCROOT}/Pods/Target Support Files/Pods-RxSwiftExercise/Pods-RxSwiftExercise-frameworks.sh\"\n";
			showEnvVarsInLog = 0;
		};
		AD8C1D34E0B31015D627DFE0 /* [CP] Copy Pods Resources */ = {
			isa = PBXShellScriptBuildPhase;
			buildActionMask = 2147483647;
			files = (
			);
			inputPaths = (
			);
			name = "[CP] Copy Pods Resources";
			outputPaths = (
			);
			runOnlyForDeploymentPostprocessing = 0;
			shellPath = /bin/sh;
			shellScript = "\"${SRCROOT}/Pods/Target Support Files/Pods-RxSwiftExercise/Pods-RxSwiftExercise-resources.sh\"\n";
			showEnvVarsInLog = 0;
		};
		D0F58EBE649841329BCC63F5 /* [CP] Check Pods Manifest.lock */ = {
			isa = PBXShellScriptBuildPhase;
			buildActionMask = 2147483647;
			files = (
			);
			inputPaths = (
			);
			name = "[CP] Check Pods Manifest.lock";
			outputPaths = (
			);
			runOnlyForDeploymentPostprocessing = 0;
			shellPath = /bin/sh;
			shellScript = "diff \"${PODS_ROOT}/../Podfile.lock\" \"${PODS_ROOT}/Manifest.lock\" > /dev/null\nif [ $? != 0 ] ; then\n    # print error to STDERR\n    echo \"error: The sandbox is not in sync with the Podfile.lock. Run 'pod install' or update your CocoaPods installation.\" >&2\n    exit 1\nfi\n";
			showEnvVarsInLog = 0;
		};
		DA8A0A3E2FC24A3259444958 /* [CP] Check Pods Manifest.lock */ = {
			isa = PBXShellScriptBuildPhase;
			buildActionMask = 2147483647;
			files = (
			);
			inputPaths = (
			);
			name = "[CP] Check Pods Manifest.lock";
			outputPaths = (
			);
			runOnlyForDeploymentPostprocessing = 0;
			shellPath = /bin/sh;
			shellScript = "diff \"${PODS_ROOT}/../Podfile.lock\" \"${PODS_ROOT}/Manifest.lock\" > /dev/null\nif [ $? != 0 ] ; then\n    # print error to STDERR\n    echo \"error: The sandbox is not in sync with the Podfile.lock. Run 'pod install' or update your CocoaPods installation.\" >&2\n    exit 1\nfi\n";
			showEnvVarsInLog = 0;
		};
		DF3021D91F2B91D9F1566794 /* [CP] Check Pods Manifest.lock */ = {
			isa = PBXShellScriptBuildPhase;
			buildActionMask = 2147483647;
			files = (
			);
			inputPaths = (
			);
			name = "[CP] Check Pods Manifest.lock";
			outputPaths = (
			);
			runOnlyForDeploymentPostprocessing = 0;
			shellPath = /bin/sh;
			shellScript = "diff \"${PODS_ROOT}/../Podfile.lock\" \"${PODS_ROOT}/Manifest.lock\" > /dev/null\nif [ $? != 0 ] ; then\n    # print error to STDERR\n    echo \"error: The sandbox is not in sync with the Podfile.lock. Run 'pod install' or update your CocoaPods installation.\" >&2\n    exit 1\nfi\n";
			showEnvVarsInLog = 0;
		};
		FC649FA5CEF40BD442EE130C /* [CP] Copy Pods Resources */ = {
			isa = PBXShellScriptBuildPhase;
			buildActionMask = 2147483647;
			files = (
			);
			inputPaths = (
			);
			name = "[CP] Copy Pods Resources";
			outputPaths = (
			);
			runOnlyForDeploymentPostprocessing = 0;
			shellPath = /bin/sh;
			shellScript = "\"${SRCROOT}/Pods/Target Support Files/Pods-LoginAndRegisterDemo/Pods-LoginAndRegisterDemo-resources.sh\"\n";
			showEnvVarsInLog = 0;
		};
/* End PBXShellScriptBuildPhase section */

/* Begin PBXSourcesBuildPhase section */
		AE1EA7AE1E15FEB600332B61 /* Sources */ = {
			isa = PBXSourcesBuildPhase;
			buildActionMask = 2147483647;
			files = (
				AE1EA7C91E1633AA00332B61 /* RegisterViewController.swift in Sources */,
				AE1EA7CF1E16423E00332B61 /* RegisterViewModel.swift in Sources */,
				AE1EA7CB1E163D9800332B61 /* Service.swift in Sources */,
				AE1EA7C71E1632AF00332B61 /* LoginViewController.swift in Sources */,
				AE1EA7B51E15FEB600332B61 /* AppDelegate.swift in Sources */,
				AE1EA7CD1E163DB700332B61 /* Protocol.swift in Sources */,
				AE1EA7D11E16651800332B61 /* LoginViewModel.swift in Sources */,
			);
			runOnlyForDeploymentPostprocessing = 0;
		};
		AE44B9DD1E1386DA005242CD /* Sources */ = {
			isa = PBXSourcesBuildPhase;
			buildActionMask = 2147483647;
			files = (
				AE44B9E71E1386DA005242CD /* ViewController.swift in Sources */,
				AE44B9E51E1386DA005242CD /* AppDelegate.swift in Sources */,
			);
			runOnlyForDeploymentPostprocessing = 0;
		};
		AE44B9F61E138A92005242CD /* Sources */ = {
			isa = PBXSourcesBuildPhase;
			buildActionMask = 2147483647;
			files = (
				AE4AF5C21E138C5F00272917 /* HeroViewModel.swift in Sources */,
				AE4AF5BC1E138B5700272917 /* HerosViewController.swift in Sources */,
				AE44B9FD1E138A93005242CD /* AppDelegate.swift in Sources */,
				AE4AF5C01E138BD200272917 /* Hero.swift in Sources */,
			);
			runOnlyForDeploymentPostprocessing = 0;
		};
/* End PBXSourcesBuildPhase section */

/* Begin PBXVariantGroup section */
		AE1EA7B81E15FEB600332B61 /* Main.storyboard */ = {
			isa = PBXVariantGroup;
			children = (
				AE1EA7B91E15FEB600332B61 /* Base */,
			);
			name = Main.storyboard;
			sourceTree = "<group>";
		};
		AE1EA7BD1E15FEB600332B61 /* LaunchScreen.storyboard */ = {
			isa = PBXVariantGroup;
			children = (
				AE1EA7BE1E15FEB600332B61 /* Base */,
			);
			name = LaunchScreen.storyboard;
			sourceTree = "<group>";
		};
		AE44B9E81E1386DA005242CD /* Main.storyboard */ = {
			isa = PBXVariantGroup;
			children = (
				AE44B9E91E1386DA005242CD /* Base */,
			);
			name = Main.storyboard;
			sourceTree = "<group>";
		};
		AE44B9ED1E1386DA005242CD /* LaunchScreen.storyboard */ = {
			isa = PBXVariantGroup;
			children = (
				AE44B9EE1E1386DA005242CD /* Base */,
			);
			name = LaunchScreen.storyboard;
			sourceTree = "<group>";
		};
		AE44BA001E138A93005242CD /* Main.storyboard */ = {
			isa = PBXVariantGroup;
			children = (
				AE44BA011E138A93005242CD /* Base */,
			);
			name = Main.storyboard;
			sourceTree = "<group>";
		};
		AE44BA051E138A93005242CD /* LaunchScreen.storyboard */ = {
			isa = PBXVariantGroup;
			children = (
				AE44BA061E138A93005242CD /* Base */,
			);
			name = LaunchScreen.storyboard;
			sourceTree = "<group>";
		};
/* End PBXVariantGroup section */

/* Begin XCBuildConfiguration section */
		AE1EA7C11E15FEB600332B61 /* Debug */ = {
			isa = XCBuildConfiguration;
			baseConfigurationReference = 64E5284B75FF87448D3103B4 /* Pods-LoginAndRegisterDemo.debug.xcconfig */;
			buildSettings = {
				ASSETCATALOG_COMPILER_APPICON_NAME = AppIcon;
				INFOPLIST_FILE = LoginAndRegisterDemo/Info.plist;
				LD_RUNPATH_SEARCH_PATHS = "$(inherited) @executable_path/Frameworks";
				PRODUCT_BUNDLE_IDENTIFIER = com.sajiner.LoginAndRegisterDemo;
				PRODUCT_NAME = "$(TARGET_NAME)";
				SWIFT_VERSION = 3.0;
			};
			name = Debug;
		};
		AE1EA7C21E15FEB600332B61 /* Release */ = {
			isa = XCBuildConfiguration;
			baseConfigurationReference = EDB13FA5E63465D2070498A0 /* Pods-LoginAndRegisterDemo.release.xcconfig */;
			buildSettings = {
				ASSETCATALOG_COMPILER_APPICON_NAME = AppIcon;
				INFOPLIST_FILE = LoginAndRegisterDemo/Info.plist;
				LD_RUNPATH_SEARCH_PATHS = "$(inherited) @executable_path/Frameworks";
				PRODUCT_BUNDLE_IDENTIFIER = com.sajiner.LoginAndRegisterDemo;
				PRODUCT_NAME = "$(TARGET_NAME)";
				SWIFT_VERSION = 3.0;
			};
			name = Release;
		};
		AE44B9F11E1386DA005242CD /* Debug */ = {
			isa = XCBuildConfiguration;
			buildSettings = {
				ALWAYS_SEARCH_USER_PATHS = NO;
				CLANG_ANALYZER_NONNULL = YES;
				CLANG_CXX_LANGUAGE_STANDARD = "gnu++0x";
				CLANG_CXX_LIBRARY = "libc++";
				CLANG_ENABLE_MODULES = YES;
				CLANG_ENABLE_OBJC_ARC = YES;
				CLANG_WARN_BOOL_CONVERSION = YES;
				CLANG_WARN_CONSTANT_CONVERSION = YES;
				CLANG_WARN_DIRECT_OBJC_ISA_USAGE = YES_ERROR;
				CLANG_WARN_DOCUMENTATION_COMMENTS = YES;
				CLANG_WARN_EMPTY_BODY = YES;
				CLANG_WARN_ENUM_CONVERSION = YES;
				CLANG_WARN_INFINITE_RECURSION = YES;
				CLANG_WARN_INT_CONVERSION = YES;
				CLANG_WARN_OBJC_ROOT_CLASS = YES_ERROR;
				CLANG_WARN_SUSPICIOUS_MOVES = YES;
				CLANG_WARN_UNREACHABLE_CODE = YES;
				CLANG_WARN__DUPLICATE_METHOD_MATCH = YES;
				"CODE_SIGN_IDENTITY[sdk=iphoneos*]" = "iPhone Developer";
				COPY_PHASE_STRIP = NO;
				DEBUG_INFORMATION_FORMAT = dwarf;
				ENABLE_STRICT_OBJC_MSGSEND = YES;
				ENABLE_TESTABILITY = YES;
				GCC_C_LANGUAGE_STANDARD = gnu99;
				GCC_DYNAMIC_NO_PIC = NO;
				GCC_NO_COMMON_BLOCKS = YES;
				GCC_OPTIMIZATION_LEVEL = 0;
				GCC_PREPROCESSOR_DEFINITIONS = (
					"DEBUG=1",
					"$(inherited)",
				);
				GCC_WARN_64_TO_32_BIT_CONVERSION = YES;
				GCC_WARN_ABOUT_RETURN_TYPE = YES_ERROR;
				GCC_WARN_UNDECLARED_SELECTOR = YES;
				GCC_WARN_UNINITIALIZED_AUTOS = YES_AGGRESSIVE;
				GCC_WARN_UNUSED_FUNCTION = YES;
				GCC_WARN_UNUSED_VARIABLE = YES;
				IPHONEOS_DEPLOYMENT_TARGET = 10.1;
				MTL_ENABLE_DEBUG_INFO = YES;
				ONLY_ACTIVE_ARCH = YES;
				SDKROOT = iphoneos;
				SWIFT_ACTIVE_COMPILATION_CONDITIONS = DEBUG;
				SWIFT_OPTIMIZATION_LEVEL = "-Onone";
			};
			name = Debug;
		};
		AE44B9F21E1386DA005242CD /* Release */ = {
			isa = XCBuildConfiguration;
			buildSettings = {
				ALWAYS_SEARCH_USER_PATHS = NO;
				CLANG_ANALYZER_NONNULL = YES;
				CLANG_CXX_LANGUAGE_STANDARD = "gnu++0x";
				CLANG_CXX_LIBRARY = "libc++";
				CLANG_ENABLE_MODULES = YES;
				CLANG_ENABLE_OBJC_ARC = YES;
				CLANG_WARN_BOOL_CONVERSION = YES;
				CLANG_WARN_CONSTANT_CONVERSION = YES;
				CLANG_WARN_DIRECT_OBJC_ISA_USAGE = YES_ERROR;
				CLANG_WARN_DOCUMENTATION_COMMENTS = YES;
				CLANG_WARN_EMPTY_BODY = YES;
				CLANG_WARN_ENUM_CONVERSION = YES;
				CLANG_WARN_INFINITE_RECURSION = YES;
				CLANG_WARN_INT_CONVERSION = YES;
				CLANG_WARN_OBJC_ROOT_CLASS = YES_ERROR;
				CLANG_WARN_SUSPICIOUS_MOVES = YES;
				CLANG_WARN_UNREACHABLE_CODE = YES;
				CLANG_WARN__DUPLICATE_METHOD_MATCH = YES;
				"CODE_SIGN_IDENTITY[sdk=iphoneos*]" = "iPhone Developer";
				COPY_PHASE_STRIP = NO;
				DEBUG_INFORMATION_FORMAT = "dwarf-with-dsym";
				ENABLE_NS_ASSERTIONS = NO;
				ENABLE_STRICT_OBJC_MSGSEND = YES;
				GCC_C_LANGUAGE_STANDARD = gnu99;
				GCC_NO_COMMON_BLOCKS = YES;
				GCC_WARN_64_TO_32_BIT_CONVERSION = YES;
				GCC_WARN_ABOUT_RETURN_TYPE = YES_ERROR;
				GCC_WARN_UNDECLARED_SELECTOR = YES;
				GCC_WARN_UNINITIALIZED_AUTOS = YES_AGGRESSIVE;
				GCC_WARN_UNUSED_FUNCTION = YES;
				GCC_WARN_UNUSED_VARIABLE = YES;
				IPHONEOS_DEPLOYMENT_TARGET = 10.1;
				MTL_ENABLE_DEBUG_INFO = NO;
				SDKROOT = iphoneos;
				SWIFT_OPTIMIZATION_LEVEL = "-Owholemodule";
				VALIDATE_PRODUCT = YES;
			};
			name = Release;
		};
		AE44B9F41E1386DA005242CD /* Debug */ = {
			isa = XCBuildConfiguration;
			baseConfigurationReference = C4FE1DE205E1808F2F65E801 /* Pods-RxSwiftExercise.debug.xcconfig */;
			buildSettings = {
				ASSETCATALOG_COMPILER_APPICON_NAME = AppIcon;
				INFOPLIST_FILE = RxSwiftExercise/Info.plist;
				LD_RUNPATH_SEARCH_PATHS = "$(inherited) @executable_path/Frameworks";
				PRODUCT_BUNDLE_IDENTIFIER = com.sajiner.RxSwiftExercise;
				PRODUCT_NAME = "$(TARGET_NAME)";
				SWIFT_VERSION = 3.0;
			};
			name = Debug;
		};
		AE44B9F51E1386DA005242CD /* Release */ = {
			isa = XCBuildConfiguration;
			baseConfigurationReference = 98AFA5359A4BDA4DECFF93C6 /* Pods-RxSwiftExercise.release.xcconfig */;
			buildSettings = {
				ASSETCATALOG_COMPILER_APPICON_NAME = AppIcon;
				INFOPLIST_FILE = RxSwiftExercise/Info.plist;
				LD_RUNPATH_SEARCH_PATHS = "$(inherited) @executable_path/Frameworks";
				PRODUCT_BUNDLE_IDENTIFIER = com.sajiner.RxSwiftExercise;
				PRODUCT_NAME = "$(TARGET_NAME)";
				SWIFT_VERSION = 3.0;
			};
			name = Release;
		};
		AE44BA091E138A93005242CD /* Debug */ = {
			isa = XCBuildConfiguration;
			baseConfigurationReference = 46E50E0BA4C79BCD3AB942FE /* Pods-TableViewDemo.debug.xcconfig */;
			buildSettings = {
				ASSETCATALOG_COMPILER_APPICON_NAME = AppIcon;
				DEVELOPMENT_TEAM = G46CPH7762;
				INFOPLIST_FILE = TableViewDemo/Info.plist;
				IPHONEOS_DEPLOYMENT_TARGET = 9.0;
				LD_RUNPATH_SEARCH_PATHS = "$(inherited) @executable_path/Frameworks";
				PRODUCT_BUNDLE_IDENTIFIER = com.sajiner.TableViewDemo;
				PRODUCT_NAME = "$(TARGET_NAME)";
				SWIFT_VERSION = 3.0;
			};
			name = Debug;
		};
		AE44BA0A1E138A93005242CD /* Release */ = {
			isa = XCBuildConfiguration;
			baseConfigurationReference = 6F5E8E3705ACE932A371011C /* Pods-TableViewDemo.release.xcconfig */;
			buildSettings = {
				ASSETCATALOG_COMPILER_APPICON_NAME = AppIcon;
				DEVELOPMENT_TEAM = G46CPH7762;
				INFOPLIST_FILE = TableViewDemo/Info.plist;
				IPHONEOS_DEPLOYMENT_TARGET = 9.0;
				LD_RUNPATH_SEARCH_PATHS = "$(inherited) @executable_path/Frameworks";
				PRODUCT_BUNDLE_IDENTIFIER = com.sajiner.TableViewDemo;
				PRODUCT_NAME = "$(TARGET_NAME)";
				SWIFT_VERSION = 3.0;
			};
			name = Release;
		};
/* End XCBuildConfiguration section */

/* Begin XCConfigurationList section */
		AE1EA7C31E15FEB700332B61 /* Build configuration list for PBXNativeTarget "LoginAndRegisterDemo" */ = {
			isa = XCConfigurationList;
			buildConfigurations = (
				AE1EA7C11E15FEB600332B61 /* Debug */,
				AE1EA7C21E15FEB600332B61 /* Release */,
			);
			defaultConfigurationIsVisible = 0;
			defaultConfigurationName = Release;
		};
		AE44B9DC1E1386DA005242CD /* Build configuration list for PBXProject "RxSwiftExercise" */ = {
			isa = XCConfigurationList;
			buildConfigurations = (
				AE44B9F11E1386DA005242CD /* Debug */,
				AE44B9F21E1386DA005242CD /* Release */,
			);
			defaultConfigurationIsVisible = 0;
			defaultConfigurationName = Release;
		};
		AE44B9F31E1386DA005242CD /* Build configuration list for PBXNativeTarget "RxSwiftExercise" */ = {
			isa = XCConfigurationList;
			buildConfigurations = (
				AE44B9F41E1386DA005242CD /* Debug */,
				AE44B9F51E1386DA005242CD /* Release */,
			);
			defaultConfigurationIsVisible = 0;
			defaultConfigurationName = Release;
		};
		AE44BA0B1E138A93005242CD /* Build configuration list for PBXNativeTarget "TableViewDemo" */ = {
			isa = XCConfigurationList;
			buildConfigurations = (
				AE44BA091E138A93005242CD /* Debug */,
				AE44BA0A1E138A93005242CD /* Release */,
			);
			defaultConfigurationIsVisible = 0;
			defaultConfigurationName = Release;
		};
/* End XCConfigurationList section */
	};
	rootObject = AE44B9D91E1386DA005242CD /* Project object */;
}
